// !$*UTF8*$!
{
	archiveVersion = 1;
	classes = {
	};
	objectVersion = 56;
	objects = {

/* Begin PBXBuildFile section */
		7A03E6492974882800B3EEC6 /* NumberField.cpp in Sources */ = {isa = PBXBuildFile; fileRef = 7A03E6472974882700B3EEC6 /* NumberField.cpp */; };
		7A03E64B2974A7EF00B3EEC6 /* SceneView.swift in Sources */ = {isa = PBXBuildFile; fileRef = 7A03E64A2974A7EF00B3EEC6 /* SceneView.swift */; };
		7A0F89482952223D00A999F2 /* MenuBar.swift in Sources */ = {isa = PBXBuildFile; fileRef = 7A0F89472952223D00A999F2 /* MenuBar.swift */; };
		7A204F242976B5B900A91707 /* ground0.png in Resources */ = {isa = PBXBuildFile; fileRef = 7A204F212976B5B900A91707 /* ground0.png */; };
		7A204F252976B5B900A91707 /* ground2.png in Resources */ = {isa = PBXBuildFile; fileRef = 7A204F222976B5B900A91707 /* ground2.png */; };
		7A204F262976B5B900A91707 /* ground1.png in Resources */ = {isa = PBXBuildFile; fileRef = 7A204F232976B5B900A91707 /* ground1.png */; };
		7A2A6B1629765EC400798A7E /* spread_circle.blend1 in Resources */ = {isa = PBXBuildFile; fileRef = 7A2A6B0D29765EC400798A7E /* spread_circle.blend1 */; };
		7A2A6B1729765EC400798A7E /* plane.blend1 in Resources */ = {isa = PBXBuildFile; fileRef = 7A2A6B0E29765EC400798A7E /* plane.blend1 */; };
		7A2A6B1829765EC400798A7E /* crosshair.obj in Resources */ = {isa = PBXBuildFile; fileRef = 7A2A6B0F29765EC400798A7E /* crosshair.obj */; };
		7A2A6B1929765EC400798A7E /* plane.obj in Resources */ = {isa = PBXBuildFile; fileRef = 7A2A6B1029765EC400798A7E /* plane.obj */; };
		7A2A6B1A29765EC400798A7E /* spread_circle.obj in Resources */ = {isa = PBXBuildFile; fileRef = 7A2A6B1129765EC400798A7E /* spread_circle.obj */; };
		7A2A6B1B29765EC400798A7E /* crosshair.blend1 in Resources */ = {isa = PBXBuildFile; fileRef = 7A2A6B1229765EC400798A7E /* crosshair.blend1 */; };
		7A2A6B1C29765EC400798A7E /* spread_circle.blend in Resources */ = {isa = PBXBuildFile; fileRef = 7A2A6B1329765EC400798A7E /* spread_circle.blend */; };
		7A2A6B1D29765EC400798A7E /* crosshair.blend in Resources */ = {isa = PBXBuildFile; fileRef = 7A2A6B1429765EC400798A7E /* crosshair.blend */; };
		7A2A6B1E29765EC400798A7E /* plane.blend in Resources */ = {isa = PBXBuildFile; fileRef = 7A2A6B1529765EC400798A7E /* plane.blend */; };
		7A41137A29739F11002F116C /* Weapon.cpp in Sources */ = {isa = PBXBuildFile; fileRef = 7A41137829739F11002F116C /* Weapon.cpp */; };
		7A445EF02951EFBE007A3A38 /* main.swift in Sources */ = {isa = PBXBuildFile; fileRef = 7A445EEF2951EFBE007A3A38 /* main.swift */; };
		7A5259482970A1CE00B5152B /* Scene.cpp in Sources */ = {isa = PBXBuildFile; fileRef = 7A5259452970A1CE00B5152B /* Scene.cpp */; };
		7A5259492970A1CE00B5152B /* IGroup.cpp in Sources */ = {isa = PBXBuildFile; fileRef = 7A5259462970A1CE00B5152B /* IGroup.cpp */; };
		7A52594A2970A1CE00B5152B /* IPool.cpp in Sources */ = {isa = PBXBuildFile; fileRef = 7A5259472970A1CE00B5152B /* IPool.cpp */; };
		7A62FC52295F56D9001742A3 /* MathUtils.cpp in Sources */ = {isa = PBXBuildFile; fileRef = 7A62FC50295F56D9001742A3 /* MathUtils.cpp */; };
		7A62FC57295FACB6001742A3 /* GameClock.cpp in Sources */ = {isa = PBXBuildFile; fileRef = 7A62FC56295FACB6001742A3 /* GameClock.cpp */; };
		7A7323D42952757C0008C92E /* Renderer.swift in Sources */ = {isa = PBXBuildFile; fileRef = 7A7323D32952757C0008C92E /* Renderer.swift */; };
		7A75B1EA2970B1B00087202E /* Transform.cpp in Sources */ = {isa = PBXBuildFile; fileRef = 7A75B1E82970B1B00087202E /* Transform.cpp */; };
		7A75B1ED2970B4090087202E /* Physics.cpp in Sources */ = {isa = PBXBuildFile; fileRef = 7A75B1EB2970B4090087202E /* Physics.cpp */; };
		7A7A5CB52977DE59008F2175 /* shard.obj in Resources */ = {isa = PBXBuildFile; fileRef = 7A7A5CB42977DE59008F2175 /* shard.obj */; };
		7A7A5CB72977DE88008F2175 /* wave.png in Resources */ = {isa = PBXBuildFile; fileRef = 7A7A5CB62977DE88008F2175 /* wave.png */; };
		7A7A5CB92977DE94008F2175 /* hp.png in Resources */ = {isa = PBXBuildFile; fileRef = 7A7A5CB82977DE94008F2175 /* hp.png */; };
		7A7A5CBB2977DE9D008F2175 /* neonland.png in Resources */ = {isa = PBXBuildFile; fileRef = 7A7A5CBA2977DE9D008F2175 /* neonland.png */; };
		7A7A5CC1297853B6008F2175 /* Material.cpp in Sources */ = {isa = PBXBuildFile; fileRef = 7A7A5CBF297853B6008F2175 /* Material.cpp */; };
		7A7A5CC82978820B008F2175 /* hp.pxd in Resources */ = {isa = PBXBuildFile; fileRef = 7A7A5CC22978820B008F2175 /* hp.pxd */; };
		7A7A5CC92978820B008F2175 /* ground1.pxd in Resources */ = {isa = PBXBuildFile; fileRef = 7A7A5CC32978820B008F2175 /* ground1.pxd */; };
		7A7A5CCA2978820B008F2175 /* ground0.pxd in Resources */ = {isa = PBXBuildFile; fileRef = 7A7A5CC42978820B008F2175 /* ground0.pxd */; };
		7A7A5CCB2978820B008F2175 /* ground2.pxd in Resources */ = {isa = PBXBuildFile; fileRef = 7A7A5CC52978820B008F2175 /* ground2.pxd */; };
		7A7A5CCC2978820B008F2175 /* neonland.pxd in Resources */ = {isa = PBXBuildFile; fileRef = 7A7A5CC62978820B008F2175 /* neonland.pxd */; };
		7A7A5CCD2978820B008F2175 /* wave.pxd in Resources */ = {isa = PBXBuildFile; fileRef = 7A7A5CC72978820B008F2175 /* wave.pxd */; };
		7A7A5CCF2978AAFA008F2175 /* sphere.obj in Resources */ = {isa = PBXBuildFile; fileRef = 7A7A5CCE2978AAFA008F2175 /* sphere.obj */; };
		7A7A5CD12978CAE3008F2175 /* enemies_remaining.png in Resources */ = {isa = PBXBuildFile; fileRef = 7A7A5CD02978CAE3008F2175 /* enemies_remaining.png */; };
		7A7EC4F229759AFF0007BC28 /* num.pxd in Resources */ = {isa = PBXBuildFile; fileRef = 7A7EC4E529759AFF0007BC28 /* num.pxd */; };
		7A7EC4F329759AFF0007BC28 /* 8.png in Resources */ = {isa = PBXBuildFile; fileRef = 7A7EC4E629759AFF0007BC28 /* 8.png */; };
		7A7EC4F429759AFF0007BC28 /* 9.png in Resources */ = {isa = PBXBuildFile; fileRef = 7A7EC4E729759AFF0007BC28 /* 9.png */; };
		7A7EC4F729759AFF0007BC28 /* 4.png in Resources */ = {isa = PBXBuildFile; fileRef = 7A7EC4EA29759AFF0007BC28 /* 4.png */; };
		7A7EC4F829759AFF0007BC28 /* 5.png in Resources */ = {isa = PBXBuildFile; fileRef = 7A7EC4EB29759AFF0007BC28 /* 5.png */; };
		7A7EC4F929759AFF0007BC28 /* 7.png in Resources */ = {isa = PBXBuildFile; fileRef = 7A7EC4EC29759AFF0007BC28 /* 7.png */; };
		7A7EC4FA29759AFF0007BC28 /* 6.png in Resources */ = {isa = PBXBuildFile; fileRef = 7A7EC4ED29759AFF0007BC28 /* 6.png */; };
		7A7EC4FB29759AFF0007BC28 /* 2.png in Resources */ = {isa = PBXBuildFile; fileRef = 7A7EC4EE29759AFF0007BC28 /* 2.png */; };
		7A7EC4FC29759AFF0007BC28 /* 3.png in Resources */ = {isa = PBXBuildFile; fileRef = 7A7EC4EF29759AFF0007BC28 /* 3.png */; };
		7A7EC4FD29759AFF0007BC28 /* 1.png in Resources */ = {isa = PBXBuildFile; fileRef = 7A7EC4F029759AFF0007BC28 /* 1.png */; };
		7A7EC4FE29759AFF0007BC28 /* 0.png in Resources */ = {isa = PBXBuildFile; fileRef = 7A7EC4F129759AFF0007BC28 /* 0.png */; };
		7A7EC5002975A65A0007BC28 /* blank.png in Resources */ = {isa = PBXBuildFile; fileRef = 7A7EC4FF2975A65A0007BC28 /* blank.png */; };
		7A82E5042952857300BDB064 /* Shaders.metal in Sources */ = {isa = PBXBuildFile; fileRef = 7A82E5032952857300BDB064 /* Shaders.metal */; };
		7A94520C29548B8D004CFF4D /* TODO in Resources */ = {isa = PBXBuildFile; fileRef = 7A94520B29548B8D004CFF4D /* TODO */; };
		7A94521029548BCD004CFF4D /* Neonland.cpp in Sources */ = {isa = PBXBuildFile; fileRef = 7A94520E29548BCD004CFF4D /* Neonland.cpp */; };
		7AA078682970F3E500B31EAC /* Mesh.cpp in Sources */ = {isa = PBXBuildFile; fileRef = 7AA078662970F3E500B31EAC /* Mesh.cpp */; };
		7AA518FE2977BEA000D60A45 /* cube.obj in Resources */ = {isa = PBXBuildFile; fileRef = 7AA518FD2977BEA000D60A45 /* cube.obj */; };
		7AA621362975DEBC004D48C8 /* EnemyType.cpp in Sources */ = {isa = PBXBuildFile; fileRef = 7AA621342975DEBC004D48C8 /* EnemyType.cpp */; };
		7AA621392975E059004D48C8 /* Wave.cpp in Sources */ = {isa = PBXBuildFile; fileRef = 7AA621372975E059004D48C8 /* Wave.cpp */; };
		7AA6213C2975E5A2004D48C8 /* Level.cpp in Sources */ = {isa = PBXBuildFile; fileRef = 7AA6213A2975E5A2004D48C8 /* Level.cpp */; };
		7AC754842978DF310088A54C /* level.png in Resources */ = {isa = PBXBuildFile; fileRef = 7AC754832978DF310088A54C /* level.png */; };
		7AC754862978F3190088A54C /* num_keys.png in Resources */ = {isa = PBXBuildFile; fileRef = 7AC754852978F3190088A54C /* num_keys.png */; };
		7AD68D6F296872F6003821A3 /* NeonScene.cpp in Sources */ = {isa = PBXBuildFile; fileRef = 7AD68D6D296872F6003821A3 /* NeonScene.cpp */; };
		7AD68D7229687C01003821A3 /* NeonConstants.cpp in Sources */ = {isa = PBXBuildFile; fileRef = 7AD68D7129687C01003821A3 /* NeonConstants.cpp */; };
		7AE607F22950F1B300C66EA5 /* AppDelegate.swift in Sources */ = {isa = PBXBuildFile; fileRef = 7AE607F12950F1B300C66EA5 /* AppDelegate.swift */; };
		7AE607F42950F1B300C66EA5 /* ViewController.swift in Sources */ = {isa = PBXBuildFile; fileRef = 7AE607F32950F1B300C66EA5 /* ViewController.swift */; };
		7AE607F62950F1B400C66EA5 /* Assets.xcassets in Resources */ = {isa = PBXBuildFile; fileRef = 7AE607F52950F1B400C66EA5 /* Assets.xcassets */; };
		7AF3784F29718DC100CC8572 /* HP.cpp in Sources */ = {isa = PBXBuildFile; fileRef = 7AF3784D29718DC100CC8572 /* HP.cpp */; };
		7AF378522971909200CC8572 /* Enemy.cpp in Sources */ = {isa = PBXBuildFile; fileRef = 7AF378502971909200CC8572 /* Enemy.cpp */; };
		7AF37855297191B000CC8572 /* PlayerProjectile.cpp in Sources */ = {isa = PBXBuildFile; fileRef = 7AF37853297191B000CC8572 /* PlayerProjectile.cpp */; };
		7AFA6033296268EA004823C6 /* Camera.cpp in Sources */ = {isa = PBXBuildFile; fileRef = 7AFA6032296268EA004823C6 /* Camera.cpp */; };
		7AFA60362962701E004823C6 /* ThreadPool.cpp in Sources */ = {isa = PBXBuildFile; fileRef = 7AFA60342962701E004823C6 /* ThreadPool.cpp */; };
/* End PBXBuildFile section */

/* Begin PBXFileReference section */
		7A03E6472974882700B3EEC6 /* NumberField.cpp */ = {isa = PBXFileReference; lastKnownFileType = sourcecode.cpp.cpp; path = NumberField.cpp; sourceTree = "<group>"; };
		7A03E6482974882800B3EEC6 /* NumberField.hpp */ = {isa = PBXFileReference; lastKnownFileType = sourcecode.cpp.h; path = NumberField.hpp; sourceTree = "<group>"; };
		7A03E64A2974A7EF00B3EEC6 /* SceneView.swift */ = {isa = PBXFileReference; lastKnownFileType = sourcecode.swift; path = SceneView.swift; sourceTree = "<group>"; };
		7A0F89472952223D00A999F2 /* MenuBar.swift */ = {isa = PBXFileReference; lastKnownFileType = sourcecode.swift; path = MenuBar.swift; sourceTree = "<group>"; };
		7A204F212976B5B900A91707 /* ground0.png */ = {isa = PBXFileReference; lastKnownFileType = image.png; path = ground0.png; sourceTree = "<group>"; };
		7A204F222976B5B900A91707 /* ground2.png */ = {isa = PBXFileReference; lastKnownFileType = image.png; path = ground2.png; sourceTree = "<group>"; };
		7A204F232976B5B900A91707 /* ground1.png */ = {isa = PBXFileReference; lastKnownFileType = image.png; path = ground1.png; sourceTree = "<group>"; };
		7A2A6B0D29765EC400798A7E /* spread_circle.blend1 */ = {isa = PBXFileReference; lastKnownFileType = file; path = spread_circle.blend1; sourceTree = "<group>"; };
		7A2A6B0E29765EC400798A7E /* plane.blend1 */ = {isa = PBXFileReference; lastKnownFileType = file; path = plane.blend1; sourceTree = "<group>"; };
		7A2A6B0F29765EC400798A7E /* crosshair.obj */ = {isa = PBXFileReference; fileEncoding = 4; lastKnownFileType = text; path = crosshair.obj; sourceTree = "<group>"; };
		7A2A6B1029765EC400798A7E /* plane.obj */ = {isa = PBXFileReference; fileEncoding = 4; lastKnownFileType = text; path = plane.obj; sourceTree = "<group>"; };
		7A2A6B1129765EC400798A7E /* spread_circle.obj */ = {isa = PBXFileReference; fileEncoding = 4; lastKnownFileType = text; path = spread_circle.obj; sourceTree = "<group>"; };
		7A2A6B1229765EC400798A7E /* crosshair.blend1 */ = {isa = PBXFileReference; lastKnownFileType = file; path = crosshair.blend1; sourceTree = "<group>"; };
		7A2A6B1329765EC400798A7E /* spread_circle.blend */ = {isa = PBXFileReference; lastKnownFileType = file; path = spread_circle.blend; sourceTree = "<group>"; };
		7A2A6B1429765EC400798A7E /* crosshair.blend */ = {isa = PBXFileReference; lastKnownFileType = file; path = crosshair.blend; sourceTree = "<group>"; };
		7A2A6B1529765EC400798A7E /* plane.blend */ = {isa = PBXFileReference; lastKnownFileType = file; path = plane.blend; sourceTree = "<group>"; };
		7A41137829739F11002F116C /* Weapon.cpp */ = {isa = PBXFileReference; lastKnownFileType = sourcecode.cpp.cpp; path = Weapon.cpp; sourceTree = "<group>"; };
		7A41137929739F11002F116C /* Weapon.hpp */ = {isa = PBXFileReference; lastKnownFileType = sourcecode.cpp.h; path = Weapon.hpp; sourceTree = "<group>"; };
		7A445EEF2951EFBE007A3A38 /* main.swift */ = {isa = PBXFileReference; lastKnownFileType = sourcecode.swift; path = main.swift; sourceTree = "<group>"; };
		7A5259372970A16000B5152B /* IGroup.hpp */ = {isa = PBXFileReference; fileEncoding = 4; lastKnownFileType = sourcecode.cpp.h; path = IGroup.hpp; sourceTree = "<group>"; };
		7A5259382970A16000B5152B /* Group.hpp */ = {isa = PBXFileReference; fileEncoding = 4; lastKnownFileType = sourcecode.cpp.h; path = Group.hpp; sourceTree = "<group>"; };
		7A5259392970A16000B5152B /* ComponentType.hpp */ = {isa = PBXFileReference; fileEncoding = 4; lastKnownFileType = sourcecode.cpp.h; path = ComponentType.hpp; sourceTree = "<group>"; };
		7A52593B2970A16000B5152B /* Pool.hpp */ = {isa = PBXFileReference; fileEncoding = 4; lastKnownFileType = sourcecode.cpp.h; path = Pool.hpp; sourceTree = "<group>"; };
		7A52593C2970A16000B5152B /* ComponentMask.hpp */ = {isa = PBXFileReference; fileEncoding = 4; lastKnownFileType = sourcecode.cpp.h; path = ComponentMask.hpp; sourceTree = "<group>"; };
		7A52593D2970A16000B5152B /* Component.hpp */ = {isa = PBXFileReference; fileEncoding = 4; lastKnownFileType = sourcecode.cpp.h; path = Component.hpp; sourceTree = "<group>"; };
		7A52593E2970A16000B5152B /* IPool.hpp */ = {isa = PBXFileReference; fileEncoding = 4; lastKnownFileType = sourcecode.cpp.h; path = IPool.hpp; sourceTree = "<group>"; };
		7A5259412970A16000B5152B /* Entity.hpp */ = {isa = PBXFileReference; fileEncoding = 4; lastKnownFileType = sourcecode.cpp.h; path = Entity.hpp; sourceTree = "<group>"; };
		7A5259452970A1CE00B5152B /* Scene.cpp */ = {isa = PBXFileReference; fileEncoding = 4; lastKnownFileType = sourcecode.cpp.cpp; path = Scene.cpp; sourceTree = "<group>"; };
		7A5259462970A1CE00B5152B /* IGroup.cpp */ = {isa = PBXFileReference; fileEncoding = 4; lastKnownFileType = sourcecode.cpp.cpp; path = IGroup.cpp; sourceTree = "<group>"; };
		7A5259472970A1CE00B5152B /* IPool.cpp */ = {isa = PBXFileReference; fileEncoding = 4; lastKnownFileType = sourcecode.cpp.cpp; path = IPool.cpp; sourceTree = "<group>"; };
		7A62FC50295F56D9001742A3 /* MathUtils.cpp */ = {isa = PBXFileReference; lastKnownFileType = sourcecode.cpp.cpp; path = MathUtils.cpp; sourceTree = "<group>"; };
		7A62FC51295F56D9001742A3 /* MathUtils.hpp */ = {isa = PBXFileReference; lastKnownFileType = sourcecode.cpp.h; path = MathUtils.hpp; sourceTree = "<group>"; };
		7A62FC54295FAB97001742A3 /* GameClock.hpp */ = {isa = PBXFileReference; lastKnownFileType = sourcecode.cpp.h; path = GameClock.hpp; sourceTree = "<group>"; };
		7A62FC56295FACB6001742A3 /* GameClock.cpp */ = {isa = PBXFileReference; lastKnownFileType = sourcecode.cpp.cpp; path = GameClock.cpp; sourceTree = "<group>"; };
		7A62FC64295FC12F001742A3 /* FrameData.h */ = {isa = PBXFileReference; lastKnownFileType = sourcecode.c.h; path = FrameData.h; sourceTree = "<group>"; };
		7A7323D32952757C0008C92E /* Renderer.swift */ = {isa = PBXFileReference; lastKnownFileType = sourcecode.swift; path = Renderer.swift; sourceTree = "<group>"; };
		7A75B1E82970B1B00087202E /* Transform.cpp */ = {isa = PBXFileReference; lastKnownFileType = sourcecode.cpp.cpp; path = Transform.cpp; sourceTree = "<group>"; };
		7A75B1E92970B1B00087202E /* Transform.hpp */ = {isa = PBXFileReference; lastKnownFileType = sourcecode.cpp.h; path = Transform.hpp; sourceTree = "<group>"; };
		7A75B1EB2970B4090087202E /* Physics.cpp */ = {isa = PBXFileReference; lastKnownFileType = sourcecode.cpp.cpp; path = Physics.cpp; sourceTree = "<group>"; };
		7A75B1EC2970B4090087202E /* Physics.hpp */ = {isa = PBXFileReference; lastKnownFileType = sourcecode.cpp.h; path = Physics.hpp; sourceTree = "<group>"; };
		7A7A5CB42977DE59008F2175 /* shard.obj */ = {isa = PBXFileReference; fileEncoding = 4; lastKnownFileType = text; path = shard.obj; sourceTree = "<group>"; };
		7A7A5CB62977DE88008F2175 /* wave.png */ = {isa = PBXFileReference; lastKnownFileType = image.png; path = wave.png; sourceTree = "<group>"; };
		7A7A5CB82977DE94008F2175 /* hp.png */ = {isa = PBXFileReference; lastKnownFileType = image.png; path = hp.png; sourceTree = "<group>"; };
		7A7A5CBA2977DE9D008F2175 /* neonland.png */ = {isa = PBXFileReference; lastKnownFileType = image.png; path = neonland.png; sourceTree = "<group>"; };
		7A7A5CBF297853B6008F2175 /* Material.cpp */ = {isa = PBXFileReference; lastKnownFileType = sourcecode.cpp.cpp; path = Material.cpp; sourceTree = "<group>"; };
		7A7A5CC0297853B6008F2175 /* Material.hpp */ = {isa = PBXFileReference; lastKnownFileType = sourcecode.cpp.h; path = Material.hpp; sourceTree = "<group>"; };
		7A7A5CC22978820B008F2175 /* hp.pxd */ = {isa = PBXFileReference; lastKnownFileType = file; path = hp.pxd; sourceTree = "<group>"; };
		7A7A5CC32978820B008F2175 /* ground1.pxd */ = {isa = PBXFileReference; lastKnownFileType = file; path = ground1.pxd; sourceTree = "<group>"; };
		7A7A5CC42978820B008F2175 /* ground0.pxd */ = {isa = PBXFileReference; lastKnownFileType = file; path = ground0.pxd; sourceTree = "<group>"; };
		7A7A5CC52978820B008F2175 /* ground2.pxd */ = {isa = PBXFileReference; lastKnownFileType = file; path = ground2.pxd; sourceTree = "<group>"; };
		7A7A5CC62978820B008F2175 /* neonland.pxd */ = {isa = PBXFileReference; lastKnownFileType = file; path = neonland.pxd; sourceTree = "<group>"; };
		7A7A5CC72978820B008F2175 /* wave.pxd */ = {isa = PBXFileReference; lastKnownFileType = file; path = wave.pxd; sourceTree = "<group>"; };
		7A7A5CCE2978AAFA008F2175 /* sphere.obj */ = {isa = PBXFileReference; fileEncoding = 4; lastKnownFileType = text; path = sphere.obj; sourceTree = "<group>"; };
		7A7A5CD02978CAE3008F2175 /* enemies_remaining.png */ = {isa = PBXFileReference; lastKnownFileType = image.png; path = enemies_remaining.png; sourceTree = "<group>"; };
		7A7EC4E529759AFF0007BC28 /* num.pxd */ = {isa = PBXFileReference; lastKnownFileType = file; path = num.pxd; sourceTree = "<group>"; };
		7A7EC4E629759AFF0007BC28 /* 8.png */ = {isa = PBXFileReference; lastKnownFileType = image.png; path = 8.png; sourceTree = "<group>"; };
		7A7EC4E729759AFF0007BC28 /* 9.png */ = {isa = PBXFileReference; lastKnownFileType = image.png; path = 9.png; sourceTree = "<group>"; };
		7A7EC4EA29759AFF0007BC28 /* 4.png */ = {isa = PBXFileReference; lastKnownFileType = image.png; path = 4.png; sourceTree = "<group>"; };
		7A7EC4EB29759AFF0007BC28 /* 5.png */ = {isa = PBXFileReference; lastKnownFileType = image.png; path = 5.png; sourceTree = "<group>"; };
		7A7EC4EC29759AFF0007BC28 /* 7.png */ = {isa = PBXFileReference; lastKnownFileType = image.png; path = 7.png; sourceTree = "<group>"; };
		7A7EC4ED29759AFF0007BC28 /* 6.png */ = {isa = PBXFileReference; lastKnownFileType = image.png; path = 6.png; sourceTree = "<group>"; };
		7A7EC4EE29759AFF0007BC28 /* 2.png */ = {isa = PBXFileReference; lastKnownFileType = image.png; path = 2.png; sourceTree = "<group>"; };
		7A7EC4EF29759AFF0007BC28 /* 3.png */ = {isa = PBXFileReference; lastKnownFileType = image.png; path = 3.png; sourceTree = "<group>"; };
		7A7EC4F029759AFF0007BC28 /* 1.png */ = {isa = PBXFileReference; lastKnownFileType = image.png; path = 1.png; sourceTree = "<group>"; };
		7A7EC4F129759AFF0007BC28 /* 0.png */ = {isa = PBXFileReference; lastKnownFileType = image.png; path = 0.png; sourceTree = "<group>"; };
		7A7EC4FF2975A65A0007BC28 /* blank.png */ = {isa = PBXFileReference; lastKnownFileType = image.png; path = blank.png; sourceTree = "<group>"; };
		7A82E5032952857300BDB064 /* Shaders.metal */ = {isa = PBXFileReference; lastKnownFileType = sourcecode.metal; path = Shaders.metal; sourceTree = "<group>"; };
		7A94520B29548B8D004CFF4D /* TODO */ = {isa = PBXFileReference; lastKnownFileType = text; path = TODO; sourceTree = "<group>"; };
		7A94520D29548BCD004CFF4D /* Neonland-Bridging-Header.h */ = {isa = PBXFileReference; lastKnownFileType = sourcecode.c.h; path = "Neonland-Bridging-Header.h"; sourceTree = "<group>"; };
		7A94520E29548BCD004CFF4D /* Neonland.cpp */ = {isa = PBXFileReference; lastKnownFileType = sourcecode.cpp.cpp; path = Neonland.cpp; sourceTree = "<group>"; };
		7A94520F29548BCD004CFF4D /* Neonland.h */ = {isa = PBXFileReference; lastKnownFileType = sourcecode.c.h; path = Neonland.h; sourceTree = "<group>"; };
		7AA078662970F3E500B31EAC /* Mesh.cpp */ = {isa = PBXFileReference; lastKnownFileType = sourcecode.cpp.cpp; path = Mesh.cpp; sourceTree = "<group>"; };
		7AA078672970F3E500B31EAC /* Mesh.hpp */ = {isa = PBXFileReference; lastKnownFileType = sourcecode.cpp.h; path = Mesh.hpp; sourceTree = "<group>"; };
		7AA0786929712E3E00B31EAC /* Scene.hpp */ = {isa = PBXFileReference; fileEncoding = 4; lastKnownFileType = sourcecode.cpp.h; path = Scene.hpp; sourceTree = "<group>"; };
		7AA518FD2977BEA000D60A45 /* cube.obj */ = {isa = PBXFileReference; fileEncoding = 4; lastKnownFileType = text; path = cube.obj; sourceTree = "<group>"; };
		7AA621342975DEBC004D48C8 /* EnemyType.cpp */ = {isa = PBXFileReference; lastKnownFileType = sourcecode.cpp.cpp; path = EnemyType.cpp; sourceTree = "<group>"; };
		7AA621352975DEBC004D48C8 /* EnemyType.hpp */ = {isa = PBXFileReference; lastKnownFileType = sourcecode.cpp.h; path = EnemyType.hpp; sourceTree = "<group>"; };
		7AA621372975E059004D48C8 /* Wave.cpp */ = {isa = PBXFileReference; lastKnownFileType = sourcecode.cpp.cpp; path = Wave.cpp; sourceTree = "<group>"; };
		7AA621382975E059004D48C8 /* Wave.hpp */ = {isa = PBXFileReference; lastKnownFileType = sourcecode.cpp.h; path = Wave.hpp; sourceTree = "<group>"; };
		7AA6213A2975E5A2004D48C8 /* Level.cpp */ = {isa = PBXFileReference; lastKnownFileType = sourcecode.cpp.cpp; path = Level.cpp; sourceTree = "<group>"; };
		7AA6213B2975E5A2004D48C8 /* Level.hpp */ = {isa = PBXFileReference; lastKnownFileType = sourcecode.cpp.h; path = Level.hpp; sourceTree = "<group>"; };
		7ABA10F9295A559B00B2BD98 /* ShaderTypes.h */ = {isa = PBXFileReference; lastKnownFileType = sourcecode.c.h; path = ShaderTypes.h; sourceTree = "<group>"; };
		7AC754832978DF310088A54C /* level.png */ = {isa = PBXFileReference; lastKnownFileType = image.png; path = level.png; sourceTree = "<group>"; };
		7AC754852978F3190088A54C /* num_keys.png */ = {isa = PBXFileReference; lastKnownFileType = image.png; path = num_keys.png; sourceTree = "<group>"; };
		7AD68D6D296872F6003821A3 /* NeonScene.cpp */ = {isa = PBXFileReference; lastKnownFileType = sourcecode.cpp.cpp; path = NeonScene.cpp; sourceTree = "<group>"; };
		7AD68D6E296872F6003821A3 /* NeonScene.hpp */ = {isa = PBXFileReference; lastKnownFileType = sourcecode.cpp.h; path = NeonScene.hpp; sourceTree = "<group>"; };
		7AD68D7029687C01003821A3 /* NeonConstants.h */ = {isa = PBXFileReference; lastKnownFileType = sourcecode.c.h; path = NeonConstants.h; sourceTree = "<group>"; };
		7AD68D7129687C01003821A3 /* NeonConstants.cpp */ = {isa = PBXFileReference; lastKnownFileType = sourcecode.cpp.cpp; path = NeonConstants.cpp; sourceTree = "<group>"; };
		7AE607EE2950F1B300C66EA5 /* Neonland.app */ = {isa = PBXFileReference; explicitFileType = wrapper.application; includeInIndex = 0; path = Neonland.app; sourceTree = BUILT_PRODUCTS_DIR; };
		7AE607F12950F1B300C66EA5 /* AppDelegate.swift */ = {isa = PBXFileReference; lastKnownFileType = sourcecode.swift; path = AppDelegate.swift; sourceTree = "<group>"; };
		7AE607F32950F1B300C66EA5 /* ViewController.swift */ = {isa = PBXFileReference; lastKnownFileType = sourcecode.swift; path = ViewController.swift; sourceTree = "<group>"; };
		7AE607F52950F1B400C66EA5 /* Assets.xcassets */ = {isa = PBXFileReference; lastKnownFileType = folder.assetcatalog; path = Assets.xcassets; sourceTree = "<group>"; };
		7AE607FA2950F1B400C66EA5 /* Neonland.entitlements */ = {isa = PBXFileReference; lastKnownFileType = text.plist.entitlements; path = Neonland.entitlements; sourceTree = "<group>"; };
		7AF3784D29718DC100CC8572 /* HP.cpp */ = {isa = PBXFileReference; lastKnownFileType = sourcecode.cpp.cpp; path = HP.cpp; sourceTree = "<group>"; };
		7AF3784E29718DC100CC8572 /* HP.hpp */ = {isa = PBXFileReference; lastKnownFileType = sourcecode.cpp.h; path = HP.hpp; sourceTree = "<group>"; };
		7AF378502971909200CC8572 /* Enemy.cpp */ = {isa = PBXFileReference; lastKnownFileType = sourcecode.cpp.cpp; path = Enemy.cpp; sourceTree = "<group>"; };
		7AF378512971909200CC8572 /* Enemy.hpp */ = {isa = PBXFileReference; lastKnownFileType = sourcecode.cpp.h; path = Enemy.hpp; sourceTree = "<group>"; };
		7AF37853297191B000CC8572 /* PlayerProjectile.cpp */ = {isa = PBXFileReference; lastKnownFileType = sourcecode.cpp.cpp; path = PlayerProjectile.cpp; sourceTree = "<group>"; };
		7AF37854297191B000CC8572 /* PlayerProjectile.hpp */ = {isa = PBXFileReference; lastKnownFileType = sourcecode.cpp.h; path = PlayerProjectile.hpp; sourceTree = "<group>"; };
		7AFA603029626598004823C6 /* Camera.hpp */ = {isa = PBXFileReference; lastKnownFileType = sourcecode.cpp.h; path = Camera.hpp; sourceTree = "<group>"; };
		7AFA6032296268EA004823C6 /* Camera.cpp */ = {isa = PBXFileReference; lastKnownFileType = sourcecode.cpp.cpp; path = Camera.cpp; sourceTree = "<group>"; };
		7AFA60342962701E004823C6 /* ThreadPool.cpp */ = {isa = PBXFileReference; lastKnownFileType = sourcecode.cpp.cpp; path = ThreadPool.cpp; sourceTree = "<group>"; };
		7AFA60352962701E004823C6 /* ThreadPool.hpp */ = {isa = PBXFileReference; lastKnownFileType = sourcecode.cpp.h; path = ThreadPool.hpp; sourceTree = "<group>"; };
/* End PBXFileReference section */

/* Begin PBXFrameworksBuildPhase section */
		7AE607EB2950F1B300C66EA5 /* Frameworks */ = {
			isa = PBXFrameworksBuildPhase;
			buildActionMask = 2147483647;
			files = (
			);
			runOnlyForDeploymentPostprocessing = 0;
		};
/* End PBXFrameworksBuildPhase section */

/* Begin PBXGroup section */
		7A2A6B0C29765EC400798A7E /* Models */ = {
			isa = PBXGroup;
			children = (
				7A7A5CCE2978AAFA008F2175 /* sphere.obj */,
				7A7A5CB42977DE59008F2175 /* shard.obj */,
				7AA518FD2977BEA000D60A45 /* cube.obj */,
				7A2A6B0D29765EC400798A7E /* spread_circle.blend1 */,
				7A2A6B0E29765EC400798A7E /* plane.blend1 */,
				7A2A6B0F29765EC400798A7E /* crosshair.obj */,
				7A2A6B1029765EC400798A7E /* plane.obj */,
				7A2A6B1129765EC400798A7E /* spread_circle.obj */,
				7A2A6B1229765EC400798A7E /* crosshair.blend1 */,
				7A2A6B1329765EC400798A7E /* spread_circle.blend */,
				7A2A6B1429765EC400798A7E /* crosshair.blend */,
				7A2A6B1529765EC400798A7E /* plane.blend */,
			);
			path = Models;
			sourceTree = "<group>";
		};
		7A460670296F714D00A6A183 /* Engine */ = {
			isa = PBXGroup;
			children = (
				7ABA10F9295A559B00B2BD98 /* ShaderTypes.h */,
				7A62FC64295FC12F001742A3 /* FrameData.h */,
				7A62FC51295F56D9001742A3 /* MathUtils.hpp */,
				7A62FC50295F56D9001742A3 /* MathUtils.cpp */,
				7A62FC54295FAB97001742A3 /* GameClock.hpp */,
				7A62FC56295FACB6001742A3 /* GameClock.cpp */,
				7AA0786929712E3E00B31EAC /* Scene.hpp */,
				7A5259452970A1CE00B5152B /* Scene.cpp */,
				7A5259472970A1CE00B5152B /* IPool.cpp */,
				7A5259372970A16000B5152B /* IGroup.hpp */,
				7A5259462970A1CE00B5152B /* IGroup.cpp */,
				7A5259382970A16000B5152B /* Group.hpp */,
				7A5259392970A16000B5152B /* ComponentType.hpp */,
				7A52593B2970A16000B5152B /* Pool.hpp */,
				7A52593C2970A16000B5152B /* ComponentMask.hpp */,
				7A52593D2970A16000B5152B /* Component.hpp */,
				7A52593E2970A16000B5152B /* IPool.hpp */,
				7A5259412970A16000B5152B /* Entity.hpp */,
				7AFA60352962701E004823C6 /* ThreadPool.hpp */,
				7AFA60342962701E004823C6 /* ThreadPool.cpp */,
			);
			path = Engine;
			sourceTree = "<group>";
		};
		7A7EC4E429759AFF0007BC28 /* Textures */ = {
			isa = PBXGroup;
			children = (
				7AC754852978F3190088A54C /* num_keys.png */,
				7AC754832978DF310088A54C /* level.png */,
				7A7A5CD02978CAE3008F2175 /* enemies_remaining.png */,
				7A7A5CC42978820B008F2175 /* ground0.pxd */,
				7A7A5CC32978820B008F2175 /* ground1.pxd */,
				7A7A5CC52978820B008F2175 /* ground2.pxd */,
				7A7A5CC22978820B008F2175 /* hp.pxd */,
				7A7A5CC62978820B008F2175 /* neonland.pxd */,
				7A7A5CC72978820B008F2175 /* wave.pxd */,
				7A7A5CBA2977DE9D008F2175 /* neonland.png */,
				7A7A5CB82977DE94008F2175 /* hp.png */,
				7A7A5CB62977DE88008F2175 /* wave.png */,
				7A204F212976B5B900A91707 /* ground0.png */,
				7A204F232976B5B900A91707 /* ground1.png */,
				7A204F222976B5B900A91707 /* ground2.png */,
				7A7EC4FF2975A65A0007BC28 /* blank.png */,
				7A7EC4E529759AFF0007BC28 /* num.pxd */,
				7A7EC4E629759AFF0007BC28 /* 8.png */,
				7A7EC4E729759AFF0007BC28 /* 9.png */,
				7A7EC4EA29759AFF0007BC28 /* 4.png */,
				7A7EC4EB29759AFF0007BC28 /* 5.png */,
				7A7EC4EC29759AFF0007BC28 /* 7.png */,
				7A7EC4ED29759AFF0007BC28 /* 6.png */,
				7A7EC4EE29759AFF0007BC28 /* 2.png */,
				7A7EC4EF29759AFF0007BC28 /* 3.png */,
				7A7EC4F029759AFF0007BC28 /* 1.png */,
				7A7EC4F129759AFF0007BC28 /* 0.png */,
			);
			name = Textures;
			path = Neonland/Textures;
			sourceTree = SOURCE_ROOT;
		};
		7A945207295487F8004CFF4D /* macOS */ = {
			isa = PBXGroup;
			children = (
				7A445EEF2951EFBE007A3A38 /* main.swift */,
				7AE607F12950F1B300C66EA5 /* AppDelegate.swift */,
				7A0F89472952223D00A999F2 /* MenuBar.swift */,
				7AE607F32950F1B300C66EA5 /* ViewController.swift */,
				7A03E64A2974A7EF00B3EEC6 /* SceneView.swift */,
				7A7323D32952757C0008C92E /* Renderer.swift */,
				7A82E5032952857300BDB064 /* Shaders.metal */,
				7AE607F52950F1B400C66EA5 /* Assets.xcassets */,
				7AE607FA2950F1B400C66EA5 /* Neonland.entitlements */,
				7A94520D29548BCD004CFF4D /* Neonland-Bridging-Header.h */,
			);
			path = macOS;
			sourceTree = "<group>";
		};
		7A94520829548A06004CFF4D /* Neonland */ = {
			isa = PBXGroup;
			children = (
				7A2A6B0C29765EC400798A7E /* Models */,
				7A7EC4E429759AFF0007BC28 /* Textures */,
				7A460670296F714D00A6A183 /* Engine */,
				7AA6213D29760B79004D48C8 /* Components */,
				7A94520A29548B6D004CFF4D /* Windows */,
				7A945207295487F8004CFF4D /* macOS */,
				7A94520F29548BCD004CFF4D /* Neonland.h */,
				7A94520E29548BCD004CFF4D /* Neonland.cpp */,
				7AD68D6E296872F6003821A3 /* NeonScene.hpp */,
				7AD68D6D296872F6003821A3 /* NeonScene.cpp */,
				7AD68D7029687C01003821A3 /* NeonConstants.h */,
				7AD68D7129687C01003821A3 /* NeonConstants.cpp */,
				7A41137929739F11002F116C /* Weapon.hpp */,
				7A41137829739F11002F116C /* Weapon.cpp */,
				7A03E6482974882800B3EEC6 /* NumberField.hpp */,
				7A03E6472974882700B3EEC6 /* NumberField.cpp */,
				7AA621352975DEBC004D48C8 /* EnemyType.hpp */,
				7AA621342975DEBC004D48C8 /* EnemyType.cpp */,
				7AA621382975E059004D48C8 /* Wave.hpp */,
				7AA621372975E059004D48C8 /* Wave.cpp */,
				7AA6213B2975E5A2004D48C8 /* Level.hpp */,
				7AA6213A2975E5A2004D48C8 /* Level.cpp */,
			);
			path = Neonland;
			sourceTree = "<group>";
		};
		7A94520A29548B6D004CFF4D /* Windows */ = {
			isa = PBXGroup;
			children = (
				7A94520B29548B8D004CFF4D /* TODO */,
			);
			path = Windows;
			sourceTree = "<group>";
		};
		7AA6213D29760B79004D48C8 /* Components */ = {
			isa = PBXGroup;
			children = (
				7AF37854297191B000CC8572 /* PlayerProjectile.hpp */,
				7AF37853297191B000CC8572 /* PlayerProjectile.cpp */,
				7AA078672970F3E500B31EAC /* Mesh.hpp */,
				7AA078662970F3E500B31EAC /* Mesh.cpp */,
				7AFA603029626598004823C6 /* Camera.hpp */,
				7AFA6032296268EA004823C6 /* Camera.cpp */,
				7A75B1E92970B1B00087202E /* Transform.hpp */,
				7A75B1E82970B1B00087202E /* Transform.cpp */,
				7A75B1EC2970B4090087202E /* Physics.hpp */,
				7A75B1EB2970B4090087202E /* Physics.cpp */,
				7AF3784E29718DC100CC8572 /* HP.hpp */,
				7AF3784D29718DC100CC8572 /* HP.cpp */,
				7AF378512971909200CC8572 /* Enemy.hpp */,
				7AF378502971909200CC8572 /* Enemy.cpp */,
				7A7A5CC0297853B6008F2175 /* Material.hpp */,
				7A7A5CBF297853B6008F2175 /* Material.cpp */,
			);
			path = Components;
			sourceTree = "<group>";
		};
		7AE607E52950F1B300C66EA5 = {
			isa = PBXGroup;
			children = (
				7A94520829548A06004CFF4D /* Neonland */,
				7AE607EF2950F1B300C66EA5 /* Products */,
			);
			sourceTree = "<group>";
		};
		7AE607EF2950F1B300C66EA5 /* Products */ = {
			isa = PBXGroup;
			children = (
				7AE607EE2950F1B300C66EA5 /* Neonland.app */,
			);
			name = Products;
			sourceTree = "<group>";
		};
/* End PBXGroup section */

/* Begin PBXNativeTarget section */
		7AE607ED2950F1B300C66EA5 /* Neonland */ = {
			isa = PBXNativeTarget;
			buildConfigurationList = 7AE607FD2950F1B400C66EA5 /* Build configuration list for PBXNativeTarget "Neonland" */;
			buildPhases = (
				7AE607EA2950F1B300C66EA5 /* Sources */,
				7AE607EB2950F1B300C66EA5 /* Frameworks */,
				7AE607EC2950F1B300C66EA5 /* Resources */,
			);
			buildRules = (
			);
			dependencies = (
			);
			name = Neonland;
			productName = Neonland;
			productReference = 7AE607EE2950F1B300C66EA5 /* Neonland.app */;
			productType = "com.apple.product-type.application";
		};
/* End PBXNativeTarget section */

/* Begin PBXProject section */
		7AE607E62950F1B300C66EA5 /* Project object */ = {
			isa = PBXProject;
			attributes = {
				BuildIndependentTargetsInParallel = 1;
				LastSwiftUpdateCheck = 1420;
				LastUpgradeCheck = 1420;
				TargetAttributes = {
					7AE607ED2950F1B300C66EA5 = {
						CreatedOnToolsVersion = 14.2;
						LastSwiftMigration = 1420;
					};
				};
			};
			buildConfigurationList = 7AE607E92950F1B300C66EA5 /* Build configuration list for PBXProject "Neonland" */;
			compatibilityVersion = "Xcode 14.0";
			developmentRegion = en;
			hasScannedForEncodings = 0;
			knownRegions = (
				en,
				Base,
			);
			mainGroup = 7AE607E52950F1B300C66EA5;
			productRefGroup = 7AE607EF2950F1B300C66EA5 /* Products */;
			projectDirPath = "";
			projectRoot = "";
			targets = (
				7AE607ED2950F1B300C66EA5 /* Neonland */,
			);
		};
/* End PBXProject section */

/* Begin PBXResourcesBuildPhase section */
		7AE607EC2950F1B300C66EA5 /* Resources */ = {
			isa = PBXResourcesBuildPhase;
			buildActionMask = 2147483647;
			files = (
				7A2A6B1729765EC400798A7E /* plane.blend1 in Resources */,
				7A7EC4FB29759AFF0007BC28 /* 2.png in Resources */,
				7A2A6B1929765EC400798A7E /* plane.obj in Resources */,
				7A7EC4F929759AFF0007BC28 /* 7.png in Resources */,
				7A7EC4F729759AFF0007BC28 /* 4.png in Resources */,
				7A2A6B1829765EC400798A7E /* crosshair.obj in Resources */,
				7A7EC4F829759AFF0007BC28 /* 5.png in Resources */,
				7A7EC5002975A65A0007BC28 /* blank.png in Resources */,
				7A7EC4F329759AFF0007BC28 /* 8.png in Resources */,
				7A7A5CCC2978820B008F2175 /* neonland.pxd in Resources */,
				7AC754862978F3190088A54C /* num_keys.png in Resources */,
				7A7EC4FC29759AFF0007BC28 /* 3.png in Resources */,
				7A2A6B1B29765EC400798A7E /* crosshair.blend1 in Resources */,
				7A94520C29548B8D004CFF4D /* TODO in Resources */,
				7A7A5CCD2978820B008F2175 /* wave.pxd in Resources */,
				7A2A6B1E29765EC400798A7E /* plane.blend in Resources */,
				7A7EC4F229759AFF0007BC28 /* num.pxd in Resources */,
				7A7A5CBB2977DE9D008F2175 /* neonland.png in Resources */,
				7A7EC4FE29759AFF0007BC28 /* 0.png in Resources */,
				7A7A5CCA2978820B008F2175 /* ground0.pxd in Resources */,
				7A204F252976B5B900A91707 /* ground2.png in Resources */,
				7A7A5CD12978CAE3008F2175 /* enemies_remaining.png in Resources */,
				7A2A6B1C29765EC400798A7E /* spread_circle.blend in Resources */,
				7A7A5CB52977DE59008F2175 /* shard.obj in Resources */,
				7A7EC4FA29759AFF0007BC28 /* 6.png in Resources */,
				7A7EC4FD29759AFF0007BC28 /* 1.png in Resources */,
				7AA518FE2977BEA000D60A45 /* cube.obj in Resources */,
				7A2A6B1A29765EC400798A7E /* spread_circle.obj in Resources */,
				7A2A6B1629765EC400798A7E /* spread_circle.blend1 in Resources */,
				7A7EC4F429759AFF0007BC28 /* 9.png in Resources */,
				7A2A6B1D29765EC400798A7E /* crosshair.blend in Resources */,
				7A7A5CC82978820B008F2175 /* hp.pxd in Resources */,
				7A7A5CCF2978AAFA008F2175 /* sphere.obj in Resources */,
				7A7A5CB92977DE94008F2175 /* hp.png in Resources */,
				7A7A5CC92978820B008F2175 /* ground1.pxd in Resources */,
				7A7A5CB72977DE88008F2175 /* wave.png in Resources */,
				7A204F242976B5B900A91707 /* ground0.png in Resources */,
				7AC754842978DF310088A54C /* level.png in Resources */,
				7A204F262976B5B900A91707 /* ground1.png in Resources */,
				7A7A5CCB2978820B008F2175 /* ground2.pxd in Resources */,
				7AE607F62950F1B400C66EA5 /* Assets.xcassets in Resources */,
			);
			runOnlyForDeploymentPostprocessing = 0;
		};
/* End PBXResourcesBuildPhase section */

/* Begin PBXSourcesBuildPhase section */
		7AE607EA2950F1B300C66EA5 /* Sources */ = {
			isa = PBXSourcesBuildPhase;
			buildActionMask = 2147483647;
			files = (
				7A52594A2970A1CE00B5152B /* IPool.cpp in Sources */,
				7A03E6492974882800B3EEC6 /* NumberField.cpp in Sources */,
				7A82E5042952857300BDB064 /* Shaders.metal in Sources */,
				7AD68D7229687C01003821A3 /* NeonConstants.cpp in Sources */,
				7A5259482970A1CE00B5152B /* Scene.cpp in Sources */,
				7A41137A29739F11002F116C /* Weapon.cpp in Sources */,
				7AFA6033296268EA004823C6 /* Camera.cpp in Sources */,
				7A7A5CC1297853B6008F2175 /* Material.cpp in Sources */,
				7AF37855297191B000CC8572 /* PlayerProjectile.cpp in Sources */,
				7A5259492970A1CE00B5152B /* IGroup.cpp in Sources */,
				7A62FC52295F56D9001742A3 /* MathUtils.cpp in Sources */,
				7AA078682970F3E500B31EAC /* Mesh.cpp in Sources */,
				7AFA60362962701E004823C6 /* ThreadPool.cpp in Sources */,
				7AF378522971909200CC8572 /* Enemy.cpp in Sources */,
				7A94521029548BCD004CFF4D /* Neonland.cpp in Sources */,
				7A75B1EA2970B1B00087202E /* Transform.cpp in Sources */,
				7A75B1ED2970B4090087202E /* Physics.cpp in Sources */,
				7AE607F42950F1B300C66EA5 /* ViewController.swift in Sources */,
				7AD68D6F296872F6003821A3 /* NeonScene.cpp in Sources */,
				7AE607F22950F1B300C66EA5 /* AppDelegate.swift in Sources */,
				7AF3784F29718DC100CC8572 /* HP.cpp in Sources */,
				7A0F89482952223D00A999F2 /* MenuBar.swift in Sources */,
				7A7323D42952757C0008C92E /* Renderer.swift in Sources */,
				7A03E64B2974A7EF00B3EEC6 /* SceneView.swift in Sources */,
				7AA621362975DEBC004D48C8 /* EnemyType.cpp in Sources */,
				7AA6213C2975E5A2004D48C8 /* Level.cpp in Sources */,
				7AA621392975E059004D48C8 /* Wave.cpp in Sources */,
				7A62FC57295FACB6001742A3 /* GameClock.cpp in Sources */,
				7A445EF02951EFBE007A3A38 /* main.swift in Sources */,
			);
			runOnlyForDeploymentPostprocessing = 0;
		};
/* End PBXSourcesBuildPhase section */

/* Begin XCBuildConfiguration section */
		7AE607FB2950F1B400C66EA5 /* Debug */ = {
			isa = XCBuildConfiguration;
			buildSettings = {
				ALWAYS_SEARCH_USER_PATHS = NO;
				CLANG_ANALYZER_NONNULL = YES;
				CLANG_ANALYZER_NUMBER_OBJECT_CONVERSION = YES_AGGRESSIVE;
				CLANG_CXX_LANGUAGE_STANDARD = "gnu++20";
				CLANG_ENABLE_MODULES = YES;
				CLANG_ENABLE_OBJC_ARC = YES;
				CLANG_ENABLE_OBJC_WEAK = YES;
				CLANG_WARN_BLOCK_CAPTURE_AUTORELEASING = YES;
				CLANG_WARN_BOOL_CONVERSION = YES;
				CLANG_WARN_COMMA = YES;
				CLANG_WARN_CONSTANT_CONVERSION = YES;
				CLANG_WARN_DEPRECATED_OBJC_IMPLEMENTATIONS = YES;
				CLANG_WARN_DIRECT_OBJC_ISA_USAGE = YES_ERROR;
				CLANG_WARN_DOCUMENTATION_COMMENTS = YES;
				CLANG_WARN_EMPTY_BODY = YES;
				CLANG_WARN_ENUM_CONVERSION = YES;
				CLANG_WARN_INFINITE_RECURSION = YES;
				CLANG_WARN_INT_CONVERSION = YES;
				CLANG_WARN_NON_LITERAL_NULL_CONVERSION = YES;
				CLANG_WARN_OBJC_IMPLICIT_RETAIN_SELF = YES;
				CLANG_WARN_OBJC_LITERAL_CONVERSION = YES;
				CLANG_WARN_OBJC_ROOT_CLASS = YES_ERROR;
				CLANG_WARN_QUOTED_INCLUDE_IN_FRAMEWORK_HEADER = YES;
				CLANG_WARN_RANGE_LOOP_ANALYSIS = YES;
				CLANG_WARN_STRICT_PROTOTYPES = YES;
				CLANG_WARN_SUSPICIOUS_MOVE = YES;
				CLANG_WARN_UNGUARDED_AVAILABILITY = YES_AGGRESSIVE;
				CLANG_WARN_UNREACHABLE_CODE = YES;
				CLANG_WARN__DUPLICATE_METHOD_MATCH = YES;
				COPY_PHASE_STRIP = NO;
				DEBUG_INFORMATION_FORMAT = dwarf;
				ENABLE_STRICT_OBJC_MSGSEND = YES;
				ENABLE_TESTABILITY = YES;
				GCC_C_LANGUAGE_STANDARD = gnu11;
				GCC_DYNAMIC_NO_PIC = NO;
				GCC_NO_COMMON_BLOCKS = YES;
				GCC_OPTIMIZATION_LEVEL = 0;
				GCC_PREPROCESSOR_DEFINITIONS = (
					"DEBUG=1",
					"$(inherited)",
				);
				GCC_WARN_64_TO_32_BIT_CONVERSION = YES;
				GCC_WARN_ABOUT_RETURN_TYPE = YES_ERROR;
				GCC_WARN_UNDECLARED_SELECTOR = YES;
				GCC_WARN_UNINITIALIZED_AUTOS = YES_AGGRESSIVE;
				GCC_WARN_UNUSED_FUNCTION = YES;
				GCC_WARN_UNUSED_VARIABLE = YES;
				MACOSX_DEPLOYMENT_TARGET = 13.1;
				MTL_ENABLE_DEBUG_INFO = INCLUDE_SOURCE;
				MTL_FAST_MATH = YES;
				ONLY_ACTIVE_ARCH = YES;
				SDKROOT = macosx;
				SWIFT_ACTIVE_COMPILATION_CONDITIONS = DEBUG;
				SWIFT_OPTIMIZATION_LEVEL = "-Onone";
			};
			name = Debug;
		};
		7AE607FC2950F1B400C66EA5 /* Release */ = {
			isa = XCBuildConfiguration;
			buildSettings = {
				ALWAYS_SEARCH_USER_PATHS = NO;
				CLANG_ANALYZER_NONNULL = YES;
				CLANG_ANALYZER_NUMBER_OBJECT_CONVERSION = YES_AGGRESSIVE;
				CLANG_CXX_LANGUAGE_STANDARD = "gnu++20";
				CLANG_ENABLE_MODULES = YES;
				CLANG_ENABLE_OBJC_ARC = YES;
				CLANG_ENABLE_OBJC_WEAK = YES;
				CLANG_WARN_BLOCK_CAPTURE_AUTORELEASING = YES;
				CLANG_WARN_BOOL_CONVERSION = YES;
				CLANG_WARN_COMMA = YES;
				CLANG_WARN_CONSTANT_CONVERSION = YES;
				CLANG_WARN_DEPRECATED_OBJC_IMPLEMENTATIONS = YES;
				CLANG_WARN_DIRECT_OBJC_ISA_USAGE = YES_ERROR;
				CLANG_WARN_DOCUMENTATION_COMMENTS = YES;
				CLANG_WARN_EMPTY_BODY = YES;
				CLANG_WARN_ENUM_CONVERSION = YES;
				CLANG_WARN_INFINITE_RECURSION = YES;
				CLANG_WARN_INT_CONVERSION = YES;
				CLANG_WARN_NON_LITERAL_NULL_CONVERSION = YES;
				CLANG_WARN_OBJC_IMPLICIT_RETAIN_SELF = YES;
				CLANG_WARN_OBJC_LITERAL_CONVERSION = YES;
				CLANG_WARN_OBJC_ROOT_CLASS = YES_ERROR;
				CLANG_WARN_QUOTED_INCLUDE_IN_FRAMEWORK_HEADER = YES;
				CLANG_WARN_RANGE_LOOP_ANALYSIS = YES;
				CLANG_WARN_STRICT_PROTOTYPES = YES;
				CLANG_WARN_SUSPICIOUS_MOVE = YES;
				CLANG_WARN_UNGUARDED_AVAILABILITY = YES_AGGRESSIVE;
				CLANG_WARN_UNREACHABLE_CODE = YES;
				CLANG_WARN__DUPLICATE_METHOD_MATCH = YES;
				COPY_PHASE_STRIP = NO;
				DEBUG_INFORMATION_FORMAT = "dwarf-with-dsym";
				ENABLE_NS_ASSERTIONS = NO;
				ENABLE_STRICT_OBJC_MSGSEND = YES;
				GCC_C_LANGUAGE_STANDARD = gnu11;
				GCC_NO_COMMON_BLOCKS = YES;
				GCC_WARN_64_TO_32_BIT_CONVERSION = YES;
				GCC_WARN_ABOUT_RETURN_TYPE = YES_ERROR;
				GCC_WARN_UNDECLARED_SELECTOR = YES;
				GCC_WARN_UNINITIALIZED_AUTOS = YES_AGGRESSIVE;
				GCC_WARN_UNUSED_FUNCTION = YES;
				GCC_WARN_UNUSED_VARIABLE = YES;
				MACOSX_DEPLOYMENT_TARGET = 13.1;
				MTL_ENABLE_DEBUG_INFO = NO;
				MTL_FAST_MATH = YES;
				SDKROOT = macosx;
				SWIFT_COMPILATION_MODE = wholemodule;
				SWIFT_OPTIMIZATION_LEVEL = "-O";
			};
			name = Release;
		};
		7AE607FE2950F1B400C66EA5 /* Debug */ = {
			isa = XCBuildConfiguration;
			buildSettings = {
				ASSETCATALOG_COMPILER_APPICON_NAME = AppIcon;
				ASSETCATALOG_COMPILER_GLOBAL_ACCENT_COLOR_NAME = AccentColor;
				CLANG_ENABLE_MODULES = YES;
				CODE_SIGN_ENTITLEMENTS = Neonland/macOS/Neonland.entitlements;
				CODE_SIGN_STYLE = Automatic;
				COMBINE_HIDPI_IMAGES = YES;
				CURRENT_PROJECT_VERSION = 1;
				DEVELOPMENT_TEAM = TVYCJMMQF7;
				ENABLE_HARDENED_RUNTIME = YES;
				GENERATE_INFOPLIST_FILE = YES;
				INFOPLIST_KEY_NSHumanReadableCopyright = "";
				INFOPLIST_KEY_NSMainStoryboardFile = "";
				INFOPLIST_KEY_NSPrincipalClass = NSApplication;
				LD_RUNPATH_SEARCH_PATHS = (
					"$(inherited)",
					"@executable_path/../Frameworks",
				);
				MARKETING_VERSION = 1.0;
				PRODUCT_BUNDLE_IDENTIFIER = com.arcadeworlds.Neonland;
				PRODUCT_NAME = "$(TARGET_NAME)";
				SWIFT_EMIT_LOC_STRINGS = YES;
				SWIFT_OBJC_BRIDGING_HEADER = "Neonland/macOS/Neonland-Bridging-Header.h";
				SWIFT_OPTIMIZATION_LEVEL = "-Onone";
				SWIFT_VERSION = 5.0;
			};
			name = Debug;
		};
		7AE607FF2950F1B400C66EA5 /* Release */ = {
			isa = XCBuildConfiguration;
			buildSettings = {
				ASSETCATALOG_COMPILER_APPICON_NAME = AppIcon;
				ASSETCATALOG_COMPILER_GLOBAL_ACCENT_COLOR_NAME = AccentColor;
				CLANG_ENABLE_MODULES = YES;
				CODE_SIGN_ENTITLEMENTS = Neonland/macOS/Neonland.entitlements;
				CODE_SIGN_STYLE = Automatic;
				COMBINE_HIDPI_IMAGES = YES;
				CURRENT_PROJECT_VERSION = 1;
				DEVELOPMENT_TEAM = TVYCJMMQF7;
				ENABLE_HARDENED_RUNTIME = YES;
				GENERATE_INFOPLIST_FILE = YES;
				INFOPLIST_KEY_NSHumanReadableCopyright = "";
				INFOPLIST_KEY_NSMainStoryboardFile = "";
				INFOPLIST_KEY_NSPrincipalClass = NSApplication;
				LD_RUNPATH_SEARCH_PATHS = (
					"$(inherited)",
					"@executable_path/../Frameworks",
				);
				MARKETING_VERSION = 1.0;
				PRODUCT_BUNDLE_IDENTIFIER = com.arcadeworlds.Neonland;
				PRODUCT_NAME = "$(TARGET_NAME)";
				SWIFT_EMIT_LOC_STRINGS = YES;
				SWIFT_OBJC_BRIDGING_HEADER = "Neonland/macOS/Neonland-Bridging-Header.h";
				SWIFT_VERSION = 5.0;
			};
			name = Release;
		};
/* End XCBuildConfiguration section */

/* Begin XCConfigurationList section */
		7AE607E92950F1B300C66EA5 /* Build configuration list for PBXProject "Neonland" */ = {
			isa = XCConfigurationList;
			buildConfigurations = (
				7AE607FB2950F1B400C66EA5 /* Debug */,
				7AE607FC2950F1B400C66EA5 /* Release */,
			);
			defaultConfigurationIsVisible = 0;
			defaultConfigurationName = Release;
		};
		7AE607FD2950F1B400C66EA5 /* Build configuration list for PBXNativeTarget "Neonland" */ = {
			isa = XCConfigurationList;
			buildConfigurations = (
				7AE607FE2950F1B400C66EA5 /* Debug */,
				7AE607FF2950F1B400C66EA5 /* Release */,
			);
			defaultConfigurationIsVisible = 0;
			defaultConfigurationName = Release;
		};
/* End XCConfigurationList section */
	};
	rootObject = 7AE607E62950F1B300C66EA5 /* Project object */;
}
