<?xml version="1.0" encoding="utf-8"?>
<Project ToolsVersion="4.0" xmlns="http://schemas.microsoft.com/developer/msbuild/2003">
  <ItemGroup>
    <Filter Include="Source Files">
      <UniqueIdentifier>{4FC737F1-C7A5-4376-A066-2A32D752A2FF}</UniqueIdentifier>
      <Extensions>cpp;c;cc;cxx;def;odl;idl;hpj;bat;asm;asmx</Extensions>
    </Filter>
    <Filter Include="Header Files">
      <UniqueIdentifier>{93995380-89BD-4b04-88EB-625FBE52EBFB}</UniqueIdentifier>
      <Extensions>h;hh;hpp;hxx;hm;inl;inc;xsd</Extensions>
    </Filter>
    <Filter Include="Resource Files">
      <UniqueIdentifier>{67DA6AB6-F800-4c08-8B7A-83BB121AAD01}</UniqueIdentifier>
      <Extensions>rc;ico;cur;bmp;dlg;rc2;rct;bin;rgs;gif;jpg;jpeg;jpe;resx;tiff;tif;png;wav</Extensions>
    </Filter>
  </ItemGroup>
  <ItemGroup>
    <ClCompile Include="neonland\EnemyType.cpp">
      <Filter>Source Files</Filter>
    </ClCompile>
    <ClCompile Include="neonland\Level.cpp">
      <Filter>Source Files</Filter>
    </ClCompile>
    <ClCompile Include="neonland\NeonConstants.cpp">
      <Filter>Source Files</Filter>
    </ClCompile>
    <ClCompile Include="neonland\Neonland.cpp">
      <Filter>Source Files</Filter>
    </ClCompile>
    <ClCompile Include="neonland\NeonScene.cpp">
      <Filter>Source Files</Filter>
    </ClCompile>
    <ClCompile Include="neonland\NumberField.cpp">
      <Filter>Source Files</Filter>
    </ClCompile>
    <ClCompile Include="neonland\Wave.cpp">
      <Filter>Source Files</Filter>
    </ClCompile>
    <ClCompile Include="neonland\Weapon.cpp">
      <Filter>Source Files</Filter>
    </ClCompile>
    <ClCompile Include="neonland\components\Anchor.cpp">
      <Filter>Source Files</Filter>
    </ClCompile>
    <ClCompile Include="neonland\components\Button.cpp">
      <Filter>Source Files</Filter>
    </ClCompile>
    <ClCompile Include="neonland\components\Camera.cpp">
      <Filter>Source Files</Filter>
    </ClCompile>
    <ClCompile Include="neonland\components\Enemy.cpp">
      <Filter>Source Files</Filter>
    </ClCompile>
    <ClCompile Include="neonland\components\HP.cpp">
      <Filter>Source Files</Filter>
    </ClCompile>
    <ClCompile Include="neonland\components\Material.cpp">
      <Filter>Source Files</Filter>
    </ClCompile>
    <ClCompile Include="neonland\components\Mesh.cpp">
      <Filter>Source Files</Filter>
    </ClCompile>
    <ClCompile Include="neonland\components\Physics.cpp">
      <Filter>Source Files</Filter>
    </ClCompile>
    <ClCompile Include="neonland\components\Pickup.cpp">
      <Filter>Source Files</Filter>
    </ClCompile>
    <ClCompile Include="neonland\components\PlayerProjectile.cpp">
      <Filter>Source Files</Filter>
    </ClCompile>
    <ClCompile Include="neonland\components\Transform.cpp">
      <Filter>Source Files</Filter>
    </ClCompile>
    <ClCompile Include="neonland\engine\GameClock.cpp">
      <Filter>Source Files</Filter>
    </ClCompile>
    <ClCompile Include="neonland\engine\IGroup.cpp">
      <Filter>Source Files</Filter>
    </ClCompile>
    <ClCompile Include="neonland\engine\IPool.cpp">
      <Filter>Source Files</Filter>
    </ClCompile>
    <ClCompile Include="neonland\engine\MathUtils.cpp">
      <Filter>Source Files</Filter>
    </ClCompile>
    <ClCompile Include="neonland\engine\Scene.cpp">
      <Filter>Source Files</Filter>
    </ClCompile>
    <ClCompile Include="neonland\engine\ThreadPool.cpp">
      <Filter>Source Files</Filter>
    </ClCompile>
  </ItemGroup>
  <ItemGroup>
    <ClInclude Include="neonland\NeonConstants.h">
      <Filter>Header Files</Filter>
    </ClInclude>
    <ClInclude Include="neonland\Neonland.h">
      <Filter>Header Files</Filter>
    </ClInclude>
    <ClInclude Include="neonland\EnemyType.hpp">
      <Filter>Header Files</Filter>
    </ClInclude>
    <ClInclude Include="neonland\GameState.hpp">
      <Filter>Header Files</Filter>
    </ClInclude>
    <ClInclude Include="neonland\Level.hpp">
      <Filter>Header Files</Filter>
    </ClInclude>
    <ClInclude Include="neonland\NeonScene.hpp">
      <Filter>Header Files</Filter>
    </ClInclude>
    <ClInclude Include="neonland\NumberField.hpp">
      <Filter>Header Files</Filter>
    </ClInclude>
    <ClInclude Include="neonland\Wave.hpp">
      <Filter>Header Files</Filter>
    </ClInclude>
    <ClInclude Include="neonland\Weapon.hpp">
      <Filter>Header Files</Filter>
    </ClInclude>
    <ClInclude Include="neonland\components\Anchor.hpp">
      <Filter>Header Files</Filter>
    </ClInclude>
    <ClInclude Include="neonland\components\Button.hpp">
      <Filter>Header Files</Filter>
    </ClInclude>
    <ClInclude Include="neonland\components\Camera.hpp">
      <Filter>Header Files</Filter>
    </ClInclude>
    <ClInclude Include="neonland\components\Enemy.hpp">
      <Filter>Header Files</Filter>
    </ClInclude>
    <ClInclude Include="neonland\components\HP.hpp">
      <Filter>Header Files</Filter>
    </ClInclude>
    <ClInclude Include="neonland\components\Material.hpp">
      <Filter>Header Files</Filter>
    </ClInclude>
    <ClInclude Include="neonland\components\Mesh.hpp">
      <Filter>Header Files</Filter>
    </ClInclude>
    <ClInclude Include="neonland\components\Physics.hpp">
      <Filter>Header Files</Filter>
    </ClInclude>
    <ClInclude Include="neonland\components\Pickup.hpp">
      <Filter>Header Files</Filter>
    </ClInclude>
    <ClInclude Include="neonland\components\PlayerProjectile.hpp">
      <Filter>Header Files</Filter>
    </ClInclude>
    <ClInclude Include="neonland\components\Transform.hpp">
      <Filter>Header Files</Filter>
    </ClInclude>
    <ClInclude Include="neonland\engine\FrameData.h">
      <Filter>Header Files</Filter>
    </ClInclude>
    <ClInclude Include="neonland\engine\ShaderTypes.h">
      <Filter>Header Files</Filter>
    </ClInclude>
    <ClInclude Include="neonland\engine\Component.hpp">
      <Filter>Header Files</Filter>
    </ClInclude>
    <ClInclude Include="neonland\engine\ComponentMask.hpp">
      <Filter>Header Files</Filter>
    </ClInclude>
    <ClInclude Include="neonland\engine\ComponentType.hpp">
      <Filter>Header Files</Filter>
    </ClInclude>
    <ClInclude Include="neonland\engine\Entity.hpp">
      <Filter>Header Files</Filter>
    </ClInclude>
    <ClInclude Include="neonland\engine\GameClock.hpp">
      <Filter>Header Files</Filter>
    </ClInclude>
    <ClInclude Include="neonland\engine\Group.hpp">
      <Filter>Header Files</Filter>
    </ClInclude>
    <ClInclude Include="neonland\engine\IGroup.hpp">
      <Filter>Header Files</Filter>
    </ClInclude>
    <ClInclude Include="neonland\engine\IPool.hpp">
      <Filter>Header Files</Filter>
    </ClInclude>
    <ClInclude Include="neonland\engine\MathUtils.hpp">
      <Filter>Header Files</Filter>
    </ClInclude>
    <ClInclude Include="neonland\engine\Pool.hpp">
      <Filter>Header Files</Filter>
    </ClInclude>
    <ClInclude Include="neonland\engine\Scene.hpp">
      <Filter>Header Files</Filter>
    </ClInclude>
    <ClInclude Include="neonland\engine\ThreadPool.hpp">
      <Filter>Header Files</Filter>
    </ClInclude>
    <ClInclude Include="neonland\macos\Neonland-Bridging-Header.h">
      <Filter>Header Files</Filter>
    </ClInclude>
  </ItemGroup>
</Project>