<?xml version="1.0" encoding="utf-8"?>
<Project ToolsVersion="4.0" xmlns="http://schemas.microsoft.com/developer/msbuild/2003">
  <ItemGroup>
    <Filter Include="Source Files">
      <UniqueIdentifier>{4FC737F1-C7A5-4376-A066-2A32D752A2FF}</UniqueIdentifier>
      <Extensions>cpp;c;cc;cxx;def;odl;idl;hpj;bat;asm;asmx</Extensions>
    </Filter>
    <Filter Include="Header Files">
      <UniqueIdentifier>{93995380-89BD-4b04-88EB-625FBE52EBFB}</UniqueIdentifier>
      <Extensions>h;hh;hpp;hxx;hm;inl;inc;ipp;xsd</Extensions>
    </Filter>
    <Filter Include="Resource Files">
    </Filter>
    <Filter Include="Resource Files\png">
      <Extensions>png</Extensions>
    </Filter>
    <Filter Include="Resource Files\wav">
      <Extensions>wav</Extensions>
    </Filter>
    <Filter Include="Resource Files\mp3">
      <Extensions>mp3</Extensions>
    </Filter>
    <Filter Include="Resource Files\obj">
      <Extensions>obj</Extensions>
    </Filter>
    <Filter Include="Resource Files\other">
      <UniqueIdentifier>{67DA6AB6-F800-4c08-8B7A-83BB121AAD01}</UniqueIdentifier>
      <Extensions>rc;ico;cur;bmp;dlg;rc2;rct;bin;rgs;gif;jpg;jpeg;jpe;resx;tiff;tif;mfcribbon-ms</Extensions>
    </Filter>
    <Filter Include="Shader Files">
      <UniqueIdentifier>{c9ce1faa-a9d7-423f-9a43-265971d21b37}</UniqueIdentifier>
      <Extensions>hlsl</Extensions>
    </Filter>
    <Filter Include="Neonland">
      <UniqueIdentifier>{52c00f87-4c29-41b7-b378-27eb491f3399}</UniqueIdentifier>
    </Filter>
    <Filter Include="Neonland\Windows">
      <UniqueIdentifier>{ce37c23e-fb1e-452c-8852-ed57bae4c5d7}</UniqueIdentifier>
    </Filter>
    <Filter Include="Neonland\Windows\Assets">
      <UniqueIdentifier>{18bccfe6-6997-4928-ae8d-24307c8c081d}</UniqueIdentifier>
    </Filter>
    <Filter Include="Assets">
      <UniqueIdentifier>{ed6c541a-673b-4138-8303-6faac38931a4}</UniqueIdentifier>
    </Filter>
  </ItemGroup>
  <ItemGroup>
    <FxCompile Include="Neonland\Windows\LitFragmentShader.hlsl">
      <Filter>Shader Files</Filter>
    </FxCompile>
    <FxCompile Include="Neonland\Windows\LitVertexShader.hlsl">
      <Filter>Shader Files</Filter>
    </FxCompile>
    <FxCompile Include="Neonland\Windows\UIFragmentShader.hlsl">
      <Filter>Shader Files</Filter>
    </FxCompile>
    <FxCompile Include="Neonland\Windows\UIVertexShader.hlsl">
      <Filter>Shader Files</Filter>
    </FxCompile>
  </ItemGroup>
  <ItemGroup>
    <ClCompile Include="Neonland\Windows\AudioPlayer.cpp">
      <Filter>Source Files</Filter>
    </ClCompile>
    <ClCompile Include="Neonland\Components\Anchor.cpp">
      <Filter>Source Files</Filter>
    </ClCompile>
    <ClCompile Include="Neonland\Components\Button.cpp">
      <Filter>Source Files</Filter>
    </ClCompile>
    <ClCompile Include="Neonland\Components\Camera.cpp">
      <Filter>Source Files</Filter>
    </ClCompile>
    <ClCompile Include="Neonland\Components\Enemy.cpp">
      <Filter>Source Files</Filter>
    </ClCompile>
    <ClCompile Include="Neonland\Components\HP.cpp">
      <Filter>Source Files</Filter>
    </ClCompile>
    <ClCompile Include="Neonland\Components\Mesh.cpp">
      <Filter>Source Files</Filter>
    </ClCompile>
    <ClCompile Include="Neonland\Components\Physics.cpp">
      <Filter>Source Files</Filter>
    </ClCompile>
    <ClCompile Include="Neonland\Components\Pickup.cpp">
      <Filter>Source Files</Filter>
    </ClCompile>
    <ClCompile Include="Neonland\Components\PlayerProjectile.cpp">
      <Filter>Source Files</Filter>
    </ClCompile>
    <ClCompile Include="Neonland\Components\Transform.cpp">
      <Filter>Source Files</Filter>
    </ClCompile>
    <ClCompile Include="Neonland\EnemyType.cpp">
      <Filter>Source Files</Filter>
    </ClCompile>
    <ClCompile Include="Neonland\Engine\GameClock.cpp">
      <Filter>Source Files</Filter>
    </ClCompile>
    <ClCompile Include="Neonland\Engine\IGroup.cpp">
      <Filter>Source Files</Filter>
    </ClCompile>
    <ClCompile Include="Neonland\Engine\IPool.cpp">
      <Filter>Source Files</Filter>
    </ClCompile>
    <ClCompile Include="Neonland\Engine\MathUtils.cpp">
      <Filter>Source Files</Filter>
    </ClCompile>
    <ClCompile Include="Neonland\Engine\Scene.cpp">
      <Filter>Source Files</Filter>
    </ClCompile>
    <ClCompile Include="Neonland\Engine\ThreadPool.cpp">
      <Filter>Source Files</Filter>
    </ClCompile>
    <ClCompile Include="Neonland\Level.cpp">
      <Filter>Source Files</Filter>
    </ClCompile>
    <ClCompile Include="Neonland\Material.cpp">
      <Filter>Source Files</Filter>
    </ClCompile>
    <ClCompile Include="Neonland\NeonConstants.cpp">
      <Filter>Source Files</Filter>
    </ClCompile>
    <ClCompile Include="Neonland\Neonland.cpp">
      <Filter>Source Files</Filter>
    </ClCompile>
    <ClCompile Include="Neonland\NeonScene.cpp">
      <Filter>Source Files</Filter>
    </ClCompile>
    <ClCompile Include="Neonland\NumberField.cpp">
      <Filter>Source Files</Filter>
    </ClCompile>
    <ClCompile Include="Neonland\Wave.cpp">
      <Filter>Source Files</Filter>
    </ClCompile>
    <ClCompile Include="Neonland\Weapon.cpp">
      <Filter>Source Files</Filter>
    </ClCompile>
    <ClCompile Include="Neonland\Windows\App.cpp">
      <Filter>Source Files</Filter>
    </ClCompile>
    <ClCompile Include="Neonland\Windows\DeviceResources.cpp">
      <Filter>Source Files</Filter>
    </ClCompile>
    <ClCompile Include="Neonland\Windows\main.cpp">
      <Filter>Source Files</Filter>
    </ClCompile>
    <ClCompile Include="Neonland\Windows\NeonMain.cpp">
      <Filter>Source Files</Filter>
    </ClCompile>
    <ClCompile Include="Neonland\Windows\pch.cpp">
      <Filter>Source Files</Filter>
    </ClCompile>
    <ClCompile Include="Neonland\Windows\Renderer.cpp">
      <Filter>Source Files</Filter>
    </ClCompile>
  </ItemGroup>
  <ItemGroup>
    <ClInclude Include="Neonland\Windows\AudioPlayer.hpp">
      <Filter>Header Files</Filter>
    </ClInclude>
    <ClInclude Include="Neonland\Components\Anchor.hpp">
      <Filter>Header Files</Filter>
    </ClInclude>
    <ClInclude Include="Neonland\Components\Button.hpp">
      <Filter>Header Files</Filter>
    </ClInclude>
    <ClInclude Include="Neonland\Components\Camera.hpp">
      <Filter>Header Files</Filter>
    </ClInclude>
    <ClInclude Include="Neonland\Components\Enemy.hpp">
      <Filter>Header Files</Filter>
    </ClInclude>
    <ClInclude Include="Neonland\Components\HP.hpp">
      <Filter>Header Files</Filter>
    </ClInclude>
    <ClInclude Include="Neonland\Components\Mesh.hpp">
      <Filter>Header Files</Filter>
    </ClInclude>
    <ClInclude Include="Neonland\Components\Physics.hpp">
      <Filter>Header Files</Filter>
    </ClInclude>
    <ClInclude Include="Neonland\Components\Pickup.hpp">
      <Filter>Header Files</Filter>
    </ClInclude>
    <ClInclude Include="Neonland\Components\PlayerProjectile.hpp">
      <Filter>Header Files</Filter>
    </ClInclude>
    <ClInclude Include="Neonland\Components\Transform.hpp">
      <Filter>Header Files</Filter>
    </ClInclude>
    <ClInclude Include="Neonland\EnemyType.hpp">
      <Filter>Header Files</Filter>
    </ClInclude>
    <ClInclude Include="Neonland\Engine\Component.hpp">
      <Filter>Header Files</Filter>
    </ClInclude>
    <ClInclude Include="Neonland\Engine\ComponentMask.hpp">
      <Filter>Header Files</Filter>
    </ClInclude>
    <ClInclude Include="Neonland\Engine\ComponentType.hpp">
      <Filter>Header Files</Filter>
    </ClInclude>
    <ClInclude Include="Neonland\Engine\Entity.hpp">
      <Filter>Header Files</Filter>
    </ClInclude>
    <ClInclude Include="Neonland\Engine\FrameData.h">
      <Filter>Header Files</Filter>
    </ClInclude>
    <ClInclude Include="Neonland\Engine\GameClock.hpp">
      <Filter>Header Files</Filter>
    </ClInclude>
    <ClInclude Include="Neonland\Engine\Group.hpp">
      <Filter>Header Files</Filter>
    </ClInclude>
    <ClInclude Include="Neonland\Engine\IGroup.hpp">
      <Filter>Header Files</Filter>
    </ClInclude>
    <ClInclude Include="Neonland\Engine\IPool.hpp">
      <Filter>Header Files</Filter>
    </ClInclude>
    <ClInclude Include="Neonland\Engine\MathUtils.hpp">
      <Filter>Header Files</Filter>
    </ClInclude>
    <ClInclude Include="Neonland\Engine\Pool.hpp">
      <Filter>Header Files</Filter>
    </ClInclude>
    <ClInclude Include="Neonland\Engine\Scene.hpp">
      <Filter>Header Files</Filter>
    </ClInclude>
    <ClInclude Include="Neonland\Engine\ShaderTypes.h">
      <Filter>Header Files</Filter>
    </ClInclude>
    <ClInclude Include="Neonland\Engine\ThreadPool.hpp">
      <Filter>Header Files</Filter>
    </ClInclude>
    <ClInclude Include="Neonland\GameState.hpp">
      <Filter>Header Files</Filter>
    </ClInclude>
    <ClInclude Include="Neonland\Level.hpp">
      <Filter>Header Files</Filter>
    </ClInclude>
    <ClInclude Include="Neonland\macOS\Neonland-Bridging-Header.h">
      <Filter>Header Files</Filter>
    </ClInclude>
    <ClInclude Include="Neonland\Material.hpp">
      <Filter>Header Files</Filter>
    </ClInclude>
    <ClInclude Include="Neonland\NeonConstants.h">
      <Filter>Header Files</Filter>
    </ClInclude>
    <ClInclude Include="Neonland\Neonland.h">
      <Filter>Header Files</Filter>
    </ClInclude>
    <ClInclude Include="Neonland\NeonScene.hpp">
      <Filter>Header Files</Filter>
    </ClInclude>
    <ClInclude Include="Neonland\NumberField.hpp">
      <Filter>Header Files</Filter>
    </ClInclude>
    <ClInclude Include="Neonland\Wave.hpp">
      <Filter>Header Files</Filter>
    </ClInclude>
    <ClInclude Include="Neonland\Weapon.hpp">
      <Filter>Header Files</Filter>
    </ClInclude>
    <ClInclude Include="Neonland\Windows\App.hpp">
      <Filter>Header Files</Filter>
    </ClInclude>
    <ClInclude Include="Neonland\Windows\DeviceResources.hpp">
      <Filter>Header Files</Filter>
    </ClInclude>
    <ClInclude Include="Neonland\Windows\NeonMain.hpp">
      <Filter>Header Files</Filter>
    </ClInclude>
    <ClInclude Include="Neonland\Windows\pch.h">
      <Filter>Header Files</Filter>
    </ClInclude>
    <ClInclude Include="Neonland\Windows\Renderer.hpp">
      <Filter>Header Files</Filter>
    </ClInclude>
  </ItemGroup>
  <ItemGroup>
    <Image Include="Neonland\Windows\Assets\app_icon.altform-lightunplated_targetsize-16.png">
      <Filter>Resource Files\png</Filter>
    </Image>
    <Image Include="Neonland\Windows\Assets\app_icon.altform-lightunplated_targetsize-24.png">
      <Filter>Resource Files\png</Filter>
    </Image>
    <Image Include="Neonland\Windows\Assets\app_icon.altform-lightunplated_targetsize-256.png">
      <Filter>Resource Files\png</Filter>
    </Image>
    <Image Include="Neonland\Windows\Assets\app_icon.altform-lightunplated_targetsize-32.png">
      <Filter>Resource Files\png</Filter>
    </Image>
    <Image Include="Neonland\Windows\Assets\app_icon.altform-lightunplated_targetsize-48.png">
      <Filter>Resource Files\png</Filter>
    </Image>
    <Image Include="Neonland\Windows\Assets\app_icon.altform-unplated_targetsize-16.png">
      <Filter>Resource Files\png</Filter>
    </Image>
    <Image Include="Neonland\Windows\Assets\app_icon.altform-unplated_targetsize-24.png">
      <Filter>Resource Files\png</Filter>
    </Image>
    <Image Include="Neonland\Windows\Assets\app_icon.altform-unplated_targetsize-256.png">
      <Filter>Resource Files\png</Filter>
    </Image>
    <Image Include="Neonland\Windows\Assets\app_icon.altform-unplated_targetsize-32.png">
      <Filter>Resource Files\png</Filter>
    </Image>
    <Image Include="Neonland\Windows\Assets\app_icon.altform-unplated_targetsize-48.png">
      <Filter>Resource Files\png</Filter>
    </Image>
    <Image Include="Neonland\Windows\Assets\app_icon.scale-100.png">
      <Filter>Resource Files\png</Filter>
    </Image>
    <Image Include="Neonland\Windows\Assets\app_icon.scale-125.png">
      <Filter>Resource Files\png</Filter>
    </Image>
    <Image Include="Neonland\Windows\Assets\app_icon.scale-150.png">
      <Filter>Resource Files\png</Filter>
    </Image>
    <Image Include="Neonland\Windows\Assets\app_icon.scale-200.png">
      <Filter>Resource Files\png</Filter>
    </Image>
    <Image Include="Neonland\Windows\Assets\app_icon.scale-400.png">
      <Filter>Resource Files\png</Filter>
    </Image>
    <Image Include="Neonland\Windows\Assets\app_icon.targetsize-16.png">
      <Filter>Resource Files\png</Filter>
    </Image>
    <Image Include="Neonland\Windows\Assets\app_icon.targetsize-24.png">
      <Filter>Resource Files\png</Filter>
    </Image>
    <Image Include="Neonland\Windows\Assets\app_icon.targetsize-256.png">
      <Filter>Resource Files\png</Filter>
    </Image>
    <Image Include="Neonland\Windows\Assets\app_icon.targetsize-32.png">
      <Filter>Resource Files\png</Filter>
    </Image>
    <Image Include="Neonland\Windows\Assets\app_icon.targetsize-48.png">
      <Filter>Resource Files\png</Filter>
    </Image>
    <Image Include="Neonland\Windows\Assets\SplashScreen.scale-100.png">
      <Filter>Resource Files\png</Filter>
    </Image>
    <Image Include="Neonland\Windows\Assets\SplashScreen.scale-125.png">
      <Filter>Resource Files\png</Filter>
    </Image>
    <Image Include="Neonland\Windows\Assets\SplashScreen.scale-150.png">
      <Filter>Resource Files\png</Filter>
    </Image>
    <Image Include="Neonland\Windows\Assets\SplashScreen.scale-200.png">
      <Filter>Resource Files\png</Filter>
    </Image>
    <Image Include="Neonland\Windows\Assets\SplashScreen.scale-400.png">
      <Filter>Resource Files\png</Filter>
    </Image>
    <Image Include="Assets\StoreLogo.scale-100.png">
      <Filter>Assets</Filter>
    </Image>
    <Image Include="Assets\StoreLogo.scale-125.png">
      <Filter>Assets</Filter>
    </Image>
    <Image Include="Assets\StoreLogo.scale-150.png">
      <Filter>Assets</Filter>
    </Image>
    <Image Include="Assets\StoreLogo.scale-200.png">
      <Filter>Assets</Filter>
    </Image>
    <Image Include="Assets\StoreLogo.scale-400.png">
      <Filter>Assets</Filter>
    </Image>
    <Image Include="Assets\Square150x150Logo.scale-100.png">
      <Filter>Neonland\Windows\Assets</Filter>
    </Image>
    <Image Include="Assets\Square150x150Logo.scale-125.png">
      <Filter>Neonland\Windows\Assets</Filter>
    </Image>
    <Image Include="Assets\Square150x150Logo.scale-150.png">
      <Filter>Neonland\Windows\Assets</Filter>
    </Image>
    <Image Include="Assets\Square150x150Logo.scale-200.png">
      <Filter>Neonland\Windows\Assets</Filter>
    </Image>
    <Image Include="Assets\Square150x150Logo.scale-400.png">
      <Filter>Neonland\Windows\Assets</Filter>
    </Image>
  </ItemGroup>
  <ItemGroup>
    <AppxManifest Include="Package.appxmanifest" />
  </ItemGroup>
  <ItemGroup>
    <CopyFileToFolders Include="Neonland\Models\crosshair.obj">
      <Filter>Resource Files\obj</Filter>
    </CopyFileToFolders>
    <CopyFileToFolders Include="Neonland\Models\cube.obj">
      <Filter>Resource Files\obj</Filter>
    </CopyFileToFolders>
    <CopyFileToFolders Include="Neonland\Models\plane.obj">
      <Filter>Resource Files\obj</Filter>
    </CopyFileToFolders>
    <CopyFileToFolders Include="Neonland\Models\shard.obj">
      <Filter>Resource Files\obj</Filter>
    </CopyFileToFolders>
    <CopyFileToFolders Include="Neonland\Models\sphere.obj">
      <Filter>Resource Files\obj</Filter>
    </CopyFileToFolders>
    <CopyFileToFolders Include="Neonland\Models\spread_circle.obj">
      <Filter>Resource Files\obj</Filter>
    </CopyFileToFolders>
    <CopyFileToFolders Include="Neonland\Audios\power_up.wav">
      <Filter>Resource Files\wav</Filter>
    </CopyFileToFolders>
    <CopyFileToFolders Include="Neonland\Audios\click.wav">
      <Filter>Resource Files\wav</Filter>
    </CopyFileToFolders>
    <CopyFileToFolders Include="Neonland\Audios\collect_hp.wav">
      <Filter>Resource Files\wav</Filter>
    </CopyFileToFolders>
    <CopyFileToFolders Include="Neonland\Audios\explosion.wav">
      <Filter>Resource Files\wav</Filter>
    </CopyFileToFolders>
    <CopyFileToFolders Include="Neonland\Audios\game_over.wav">
      <Filter>Resource Files\wav</Filter>
    </CopyFileToFolders>
    <CopyFileToFolders Include="Neonland\Audios\laser1.wav">
      <Filter>Resource Files\wav</Filter>
    </CopyFileToFolders>
    <CopyFileToFolders Include="Neonland\Audios\laser2.wav">
      <Filter>Resource Files\wav</Filter>
    </CopyFileToFolders>
    <CopyFileToFolders Include="Neonland\Audios\laser3.wav">
      <Filter>Resource Files\wav</Filter>
    </CopyFileToFolders>
    <CopyFileToFolders Include="Neonland\Audios\level_cleared.wav">
      <Filter>Resource Files\wav</Filter>
    </CopyFileToFolders>
    <CopyFileToFolders Include="Neonland\Audios\lose_hp.wav">
      <Filter>Resource Files\wav</Filter>
    </CopyFileToFolders>
    <CopyFileToFolders Include="Neonland\Audios\neon_beat.mp3">
      <Filter>Resource Files\mp3</Filter>
    </CopyFileToFolders>
    <CopyFileToFolders Include="Neonland\Textures\wave.png">
      <Filter>Resource Files\png</Filter>
    </CopyFileToFolders>
    <CopyFileToFolders Include="Neonland\Textures\sphere_heart.png">
      <Filter>Resource Files\png</Filter>
    </CopyFileToFolders>
    <CopyFileToFolders Include="Neonland\Textures\blank.png">
      <Filter>Resource Files\png</Filter>
    </CopyFileToFolders>
    <CopyFileToFolders Include="Neonland\Textures\by.png">
      <Filter>Resource Files\png</Filter>
    </CopyFileToFolders>
    <CopyFileToFolders Include="Neonland\Textures\enemies_remaining.png">
      <Filter>Resource Files\png</Filter>
    </CopyFileToFolders>
    <CopyFileToFolders Include="Neonland\Textures\exit_bt.png">
      <Filter>Resource Files\png</Filter>
    </CopyFileToFolders>
    <CopyFileToFolders Include="Neonland\Textures\game_over.png">
      <Filter>Resource Files\png</Filter>
    </CopyFileToFolders>
    <CopyFileToFolders Include="Neonland\Textures\ground1.png">
      <Filter>Resource Files\png</Filter>
    </CopyFileToFolders>
    <CopyFileToFolders Include="Neonland\Textures\ground2.png">
      <Filter>Resource Files\png</Filter>
    </CopyFileToFolders>
    <CopyFileToFolders Include="Neonland\Textures\ground3.png">
      <Filter>Resource Files\png</Filter>
    </CopyFileToFolders>
    <CopyFileToFolders Include="Neonland\Textures\hp.png">
      <Filter>Resource Files\png</Filter>
    </CopyFileToFolders>
    <CopyFileToFolders Include="Neonland\Textures\level_cleared.png">
      <Filter>Resource Files\png</Filter>
    </CopyFileToFolders>
    <CopyFileToFolders Include="Neonland\Textures\level1_bt.png">
      <Filter>Resource Files\png</Filter>
    </CopyFileToFolders>
    <CopyFileToFolders Include="Neonland\Textures\level2_bt.png">
      <Filter>Resource Files\png</Filter>
    </CopyFileToFolders>
    <CopyFileToFolders Include="Neonland\Textures\level3_bt.png">
      <Filter>Resource Files\png</Filter>
    </CopyFileToFolders>
    <CopyFileToFolders Include="Neonland\Textures\lock.png">
      <Filter>Resource Files\png</Filter>
    </CopyFileToFolders>
    <CopyFileToFolders Include="Neonland\Textures\neonland.png">
      <Filter>Resource Files\png</Filter>
    </CopyFileToFolders>
    <CopyFileToFolders Include="Neonland\Textures\num_keys.png">
      <Filter>Resource Files\png</Filter>
    </CopyFileToFolders>
    <CopyFileToFolders Include="Neonland\Textures\paused.png">
      <Filter>Resource Files\png</Filter>
    </CopyFileToFolders>
    <CopyFileToFolders Include="Neonland\Textures\quit_bt.png">
      <Filter>Resource Files\png</Filter>
    </CopyFileToFolders>
    <CopyFileToFolders Include="Neonland\Textures\resume_bt.png">
      <Filter>Resource Files\png</Filter>
    </CopyFileToFolders>
    <CopyFileToFolders Include="Neonland\Textures\sphere_360_shots.png">
      <Filter>Resource Files\png</Filter>
    </CopyFileToFolders>
    <CopyFileToFolders Include="Neonland\Textures\9.png">
      <Filter>Resource Files\png</Filter>
    </CopyFileToFolders>
    <CopyFileToFolders Include="Neonland\Textures\0.png">
      <Filter>Resource Files\png</Filter>
    </CopyFileToFolders>
    <CopyFileToFolders Include="Neonland\Textures\1.png">
      <Filter>Resource Files\png</Filter>
    </CopyFileToFolders>
    <CopyFileToFolders Include="Neonland\Textures\2.png">
      <Filter>Resource Files\png</Filter>
    </CopyFileToFolders>
    <CopyFileToFolders Include="Neonland\Textures\3.png">
      <Filter>Resource Files\png</Filter>
    </CopyFileToFolders>
    <CopyFileToFolders Include="Neonland\Textures\4.png">
      <Filter>Resource Files\png</Filter>
    </CopyFileToFolders>
    <CopyFileToFolders Include="Neonland\Textures\5.png">
      <Filter>Resource Files\png</Filter>
    </CopyFileToFolders>
    <CopyFileToFolders Include="Neonland\Textures\6.png">
      <Filter>Resource Files\png</Filter>
    </CopyFileToFolders>
    <CopyFileToFolders Include="Neonland\Textures\7.png">
      <Filter>Resource Files\png</Filter>
    </CopyFileToFolders>
    <CopyFileToFolders Include="Neonland\Textures\8.png">
      <Filter>Resource Files\png</Filter>
    </CopyFileToFolders>
  </ItemGroup>
  <ItemGroup>
    <None Include="packages.config" />
    <None Include="PropertySheet.props" />
    <None Include="Neonland_TemporaryKey.pfx" />
  </ItemGroup>
</Project>